
Microsoft Visual Studio Solution File, Format Version 12.00
# Visual Studio Version 17
VisualStudioVersion = 17.11.35312.102
MinimumVisualStudioVersion = 10.0.40219.1
Project("{FAE04EC0-301F-11D3-BF4B-00C04F79EFBC}") = "buildapp", "buildapp\buildapp.csproj", "{AB8C474E-3A22-4726-A865-3CD8A04F46F1}"
EndProject
Global
	GlobalSection(SolutionConfigurationPlatforms) = preSolution
		Debug|Any CPU = Debug|Any CPU
		Release|Any CPU = Release|Any CPU
	EndGlobalSection
	GlobalSection(ProjectConfigurationPlatforms) = postSolution
		{AB8C474E-3A22-4726-A865-3CD8A04F46F1}.Debug|Any CPU.ActiveCfg = Debug|Any CPU
		{AB8C474E-3A22-4726-A865-3CD8A04F46F1}.Debug|Any CPU.Build.0 = Debug|Any CPU
		{AB8C474E-3A22-4726-A865-3CD8A04F46F1}.Release|Any CPU.ActiveCfg = Release|Any CPU
		{AB8C474E-3A22-4726-A865-3CD8A04F46F1}.Release|Any CPU.Build.0 = Release|Any CPU
	EndGlobalSection
	GlobalSection(SolutionProperties) = preSolution
		HideSolutionNode = FALSE
	EndGlobalSection
	GlobalSection(ExtensibilityGlobals) = postSolution
		SolutionGuid = {6F52E0B2-0F49-46B7-B6B6-D589D71BEF3B}
	EndGlobalSection
EndGlobal
